
Microsoft Visual Studio Solution File, Format Version 12.00
# Visual Studio Version 17
VisualStudioVersion = 17.13.35825.156
MinimumVisualStudioVersion = 10.0.40219.1
Project("{FAE04EC0-301F-11D3-BF4B-00C04F79EFBC}") = "MoviesAPI", "MoviesAPI\MoviesAPI.csproj", "{5AF129AC-D6C2-418D-AF5D-8A3F2F477862}"
EndProject
Project("{FAE04EC0-301F-11D3-BF4B-00C04F79EFBC}") = "MoviesApplication", "MoviesApplication\MoviesApplication.csproj", "{1E207D7D-3E85-4952-B632-B068D31A8197}"
EndProject
Project("{FAE04EC0-301F-11D3-BF4B-00C04F79EFBC}") = "MoviesContracts", "MoviesContracts\MoviesContracts.csproj", "{DA8E1B7C-F9B1-4DB5-92FC-4BFA807A07DC}"
EndProject
Project("{2150E333-8FDC-42A3-9474-1A3956D46DE8}") = "Helpers", "Helpers", "{0DDDCC9E-C514-45FB-B076-A1E2B5F459AF}"
EndProject
Project("{FAE04EC0-301F-11D3-BF4B-00C04F79EFBC}") = "IdentityAPI", "IdentityAPI\IdentityAPI.csproj", "{0F47DA96-BB6E-45CA-BDDF-BC871FCE120D}"
EndProject
Project("{FAE04EC0-301F-11D3-BF4B-00C04F79EFBC}") = "MoviesAPI.SDK", "MoviesAPI.SDK\MoviesAPI.SDK.csproj", "{A3CFC47A-0F36-440B-AEA4-3E152787F072}"
EndProject
Project("{FAE04EC0-301F-11D3-BF4B-00C04F79EFBC}") = "MoviesAPI.SDK.Consumer", "MoviesAPI.SDK.Consumer\MoviesAPI.SDK.Consumer.csproj", "{80F1B3FE-1539-47AA-A0AF-D8BDCC171F08}"
EndProject
Global
	GlobalSection(SolutionConfigurationPlatforms) = preSolution
		Debug|Any CPU = Debug|Any CPU
		Release|Any CPU = Release|Any CPU
	EndGlobalSection
	GlobalSection(ProjectConfigurationPlatforms) = postSolution
		{5AF129AC-D6C2-418D-AF5D-8A3F2F477862}.Debug|Any CPU.ActiveCfg = Debug|Any CPU
		{5AF129AC-D6C2-418D-AF5D-8A3F2F477862}.Debug|Any CPU.Build.0 = Debug|Any CPU
		{5AF129AC-D6C2-418D-AF5D-8A3F2F477862}.Release|Any CPU.ActiveCfg = Release|Any CPU
		{5AF129AC-D6C2-418D-AF5D-8A3F2F477862}.Release|Any CPU.Build.0 = Release|Any CPU
		{1E207D7D-3E85-4952-B632-B068D31A8197}.Debug|Any CPU.ActiveCfg = Debug|Any CPU
		{1E207D7D-3E85-4952-B632-B068D31A8197}.Debug|Any CPU.Build.0 = Debug|Any CPU
		{1E207D7D-3E85-4952-B632-B068D31A8197}.Release|Any CPU.ActiveCfg = Release|Any CPU
		{1E207D7D-3E85-4952-B632-B068D31A8197}.Release|Any CPU.Build.0 = Release|Any CPU
		{DA8E1B7C-F9B1-4DB5-92FC-4BFA807A07DC}.Debug|Any CPU.ActiveCfg = Debug|Any CPU
		{DA8E1B7C-F9B1-4DB5-92FC-4BFA807A07DC}.Debug|Any CPU.Build.0 = Debug|Any CPU
		{DA8E1B7C-F9B1-4DB5-92FC-4BFA807A07DC}.Release|Any CPU.ActiveCfg = Release|Any CPU
		{DA8E1B7C-F9B1-4DB5-92FC-4BFA807A07DC}.Release|Any CPU.Build.0 = Release|Any CPU
		{0F47DA96-BB6E-45CA-BDDF-BC871FCE120D}.Debug|Any CPU.ActiveCfg = Debug|Any CPU
		{0F47DA96-BB6E-45CA-BDDF-BC871FCE120D}.Debug|Any CPU.Build.0 = Debug|Any CPU
		{0F47DA96-BB6E-45CA-BDDF-BC871FCE120D}.Release|Any CPU.ActiveCfg = Release|Any CPU
		{0F47DA96-BB6E-45CA-BDDF-BC871FCE120D}.Release|Any CPU.Build.0 = Release|Any CPU
		{A3CFC47A-0F36-440B-AEA4-3E152787F072}.Debug|Any CPU.ActiveCfg = Debug|Any CPU
		{A3CFC47A-0F36-440B-AEA4-3E152787F072}.Debug|Any CPU.Build.0 = Debug|Any CPU
		{A3CFC47A-0F36-440B-AEA4-3E152787F072}.Release|Any CPU.ActiveCfg = Release|Any CPU
		{A3CFC47A-0F36-440B-AEA4-3E152787F072}.Release|Any CPU.Build.0 = Release|Any CPU
		{80F1B3FE-1539-47AA-A0AF-D8BDCC171F08}.Debug|Any CPU.ActiveCfg = Debug|Any CPU
		{80F1B3FE-1539-47AA-A0AF-D8BDCC171F08}.Debug|Any CPU.Build.0 = Debug|Any CPU
		{80F1B3FE-1539-47AA-A0AF-D8BDCC171F08}.Release|Any CPU.ActiveCfg = Release|Any CPU
		{80F1B3FE-1539-47AA-A0AF-D8BDCC171F08}.Release|Any CPU.Build.0 = Release|Any CPU
	EndGlobalSection
	GlobalSection(SolutionProperties) = preSolution
		HideSolutionNode = FALSE
	EndGlobalSection
	GlobalSection(ExtensibilityGlobals) = postSolution
		SolutionGuid = {13AEDC80-E2FD-4B08-AE50-E89B46B6DD91}
	EndGlobalSection
	GlobalSection(NestedProjects) = preSolution
		{0F47DA96-BB6E-45CA-BDDF-BC871FCE120D} = {0DDDCC9E-C514-45FB-B076-A1E2B5F459AF}
	EndGlobalSection
EndGlobal
